
Microsoft Visual Studio Solution File, Format Version 12.00
# Visual Studio Version 17
VisualStudioVersion = 17.4.33103.184
MinimumVisualStudioVersion = 10.0.40219.1
Project("{FAE04EC0-301F-11D3-BF4B-00C04F79EFBC}") = "double_selection_sort", "double_selection_sort\double_selection_sort.csproj", "{AD19DD98-E35F-4D34-B095-AEB38D16435E}"
EndProject
Global
	GlobalSection(SolutionConfigurationPlatforms) = preSolution
		Debug|Any CPU = Debug|Any CPU
		Release|Any CPU = Release|Any CPU
	EndGlobalSection
	GlobalSection(ProjectConfigurationPlatforms) = postSolution
		{AD19DD98-E35F-4D34-B095-AEB38D16435E}.Debug|Any CPU.ActiveCfg = Debug|Any CPU
		{AD19DD98-E35F-4D34-B095-AEB38D16435E}.Debug|Any CPU.Build.0 = Debug|Any CPU
		{AD19DD98-E35F-4D34-B095-AEB38D16435E}.Release|Any CPU.ActiveCfg = Release|Any CPU
		{AD19DD98-E35F-4D34-B095-AEB38D16435E}.Release|Any CPU.Build.0 = Release|Any CPU
	EndGlobalSection
	GlobalSection(SolutionProperties) = preSolution
		HideSolutionNode = FALSE
	EndGlobalSection
	GlobalSection(ExtensibilityGlobals) = postSolution
		SolutionGuid = {9D31ECA4-5687-49C8-817A-C9905BBDB265}
	EndGlobalSection
EndGlobal
