
Microsoft Visual Studio Solution File, Format Version 12.00
# Visual Studio Version 17
VisualStudioVersion = 17.3.32929.385
MinimumVisualStudioVersion = 10.0.40219.1
Project("{FAE04EC0-301F-11D3-BF4B-00C04F79EFBC}") = "Collections", "Collections\Collections.csproj", "{111978FA-9209-45B0-97F8-C7BB34A81845}"
EndProject
Global
	GlobalSection(SolutionConfigurationPlatforms) = preSolution
		Debug|Any CPU = Debug|Any CPU
		Release|Any CPU = Release|Any CPU
	EndGlobalSection
	GlobalSection(ProjectConfigurationPlatforms) = postSolution
		{111978FA-9209-45B0-97F8-C7BB34A81845}.Debug|Any CPU.ActiveCfg = Debug|Any CPU
		{111978FA-9209-45B0-97F8-C7BB34A81845}.Debug|Any CPU.Build.0 = Debug|Any CPU
		{111978FA-9209-45B0-97F8-C7BB34A81845}.Release|Any CPU.ActiveCfg = Release|Any CPU
		{111978FA-9209-45B0-97F8-C7BB34A81845}.Release|Any CPU.Build.0 = Release|Any CPU
	EndGlobalSection
	GlobalSection(SolutionProperties) = preSolution
		HideSolutionNode = FALSE
	EndGlobalSection
	GlobalSection(ExtensibilityGlobals) = postSolution
		SolutionGuid = {0C60E764-3ED8-41B6-8B32-7DA722FCE482}
	EndGlobalSection
EndGlobal
