
Microsoft Visual Studio Solution File, Format Version 12.00
# Visual Studio Version 17
VisualStudioVersion = 17.4.33103.184
MinimumVisualStudioVersion = 10.0.40219.1
Project("{FAE04EC0-301F-11D3-BF4B-00C04F79EFBC}") = "dijkstras_algorithm", "dijkstras_algorithm\dijkstras_algorithm.csproj", "{C46835D3-4D62-46CE-AC45-EB903A159C21}"
EndProject
Global
	GlobalSection(SolutionConfigurationPlatforms) = preSolution
		Debug|Any CPU = Debug|Any CPU
		Release|Any CPU = Release|Any CPU
	EndGlobalSection
	GlobalSection(ProjectConfigurationPlatforms) = postSolution
		{C46835D3-4D62-46CE-AC45-EB903A159C21}.Debug|Any CPU.ActiveCfg = Debug|Any CPU
		{C46835D3-4D62-46CE-AC45-EB903A159C21}.Debug|Any CPU.Build.0 = Debug|Any CPU
		{C46835D3-4D62-46CE-AC45-EB903A159C21}.Release|Any CPU.ActiveCfg = Release|Any CPU
		{C46835D3-4D62-46CE-AC45-EB903A159C21}.Release|Any CPU.Build.0 = Release|Any CPU
	EndGlobalSection
	GlobalSection(SolutionProperties) = preSolution
		HideSolutionNode = FALSE
	EndGlobalSection
	GlobalSection(ExtensibilityGlobals) = postSolution
		SolutionGuid = {098EE61A-84D7-4D30-AE89-11ADC68B20B3}
	EndGlobalSection
EndGlobal
