
Microsoft Visual Studio Solution File, Format Version 12.00
# Visual Studio Version 17
VisualStudioVersion = 17.4.33103.184
MinimumVisualStudioVersion = 10.0.40219.1
Project("{FAE04EC0-301F-11D3-BF4B-00C04F79EFBC}") = "k-nearest_neighbors", "k-nearest_neighbors\k-nearest_neighbors.csproj", "{D453B08B-B7D4-4E6C-B68E-B5DDA7C47FDF}"
EndProject
Global
	GlobalSection(SolutionConfigurationPlatforms) = preSolution
		Debug|Any CPU = Debug|Any CPU
		Release|Any CPU = Release|Any CPU
	EndGlobalSection
	GlobalSection(ProjectConfigurationPlatforms) = postSolution
		{D453B08B-B7D4-4E6C-B68E-B5DDA7C47FDF}.Debug|Any CPU.ActiveCfg = Debug|Any CPU
		{D453B08B-B7D4-4E6C-B68E-B5DDA7C47FDF}.Debug|Any CPU.Build.0 = Debug|Any CPU
		{D453B08B-B7D4-4E6C-B68E-B5DDA7C47FDF}.Release|Any CPU.ActiveCfg = Release|Any CPU
		{D453B08B-B7D4-4E6C-B68E-B5DDA7C47FDF}.Release|Any CPU.Build.0 = Release|Any CPU
	EndGlobalSection
	GlobalSection(SolutionProperties) = preSolution
		HideSolutionNode = FALSE
	EndGlobalSection
	GlobalSection(ExtensibilityGlobals) = postSolution
		SolutionGuid = {4CD35C4F-2540-4C6C-B417-14C7D5A1CCAA}
	EndGlobalSection
EndGlobal
