
Microsoft Visual Studio Solution File, Format Version 12.00
# Visual Studio Version 17
VisualStudioVersion = 17.4.33103.184
MinimumVisualStudioVersion = 10.0.40219.1
Project("{FAE04EC0-301F-11D3-BF4B-00C04F79EFBC}") = "linked_list", "linked_list\linked_list.csproj", "{D11EBF87-EB50-4B84-AA92-9202B36ABF5F}"
EndProject
Global
	GlobalSection(SolutionConfigurationPlatforms) = preSolution
		Debug|Any CPU = Debug|Any CPU
		Release|Any CPU = Release|Any CPU
	EndGlobalSection
	GlobalSection(ProjectConfigurationPlatforms) = postSolution
		{D11EBF87-EB50-4B84-AA92-9202B36ABF5F}.Debug|Any CPU.ActiveCfg = Debug|Any CPU
		{D11EBF87-EB50-4B84-AA92-9202B36ABF5F}.Debug|Any CPU.Build.0 = Debug|Any CPU
		{D11EBF87-EB50-4B84-AA92-9202B36ABF5F}.Release|Any CPU.ActiveCfg = Release|Any CPU
		{D11EBF87-EB50-4B84-AA92-9202B36ABF5F}.Release|Any CPU.Build.0 = Release|Any CPU
	EndGlobalSection
	GlobalSection(SolutionProperties) = preSolution
		HideSolutionNode = FALSE
	EndGlobalSection
	GlobalSection(ExtensibilityGlobals) = postSolution
		SolutionGuid = {75979889-5612-4C52-8145-0EAB01AB39C8}
	EndGlobalSection
EndGlobal
