
Microsoft Visual Studio Solution File, Format Version 12.00
# Visual Studio Version 17
VisualStudioVersion = 17.4.33103.184
MinimumVisualStudioVersion = 10.0.40219.1
Project("{FAE04EC0-301F-11D3-BF4B-00C04F79EFBC}") = "binary_tree", "binary_tree\binary_tree.csproj", "{2D8CD965-8CC1-4C8F-90F3-CD0F43E961E2}"
EndProject
Global
	GlobalSection(SolutionConfigurationPlatforms) = preSolution
		Debug|Any CPU = Debug|Any CPU
		Release|Any CPU = Release|Any CPU
	EndGlobalSection
	GlobalSection(ProjectConfigurationPlatforms) = postSolution
		{2D8CD965-8CC1-4C8F-90F3-CD0F43E961E2}.Debug|Any CPU.ActiveCfg = Debug|Any CPU
		{2D8CD965-8CC1-4C8F-90F3-CD0F43E961E2}.Debug|Any CPU.Build.0 = Debug|Any CPU
		{2D8CD965-8CC1-4C8F-90F3-CD0F43E961E2}.Release|Any CPU.ActiveCfg = Release|Any CPU
		{2D8CD965-8CC1-4C8F-90F3-CD0F43E961E2}.Release|Any CPU.Build.0 = Release|Any CPU
	EndGlobalSection
	GlobalSection(SolutionProperties) = preSolution
		HideSolutionNode = FALSE
	EndGlobalSection
	GlobalSection(ExtensibilityGlobals) = postSolution
		SolutionGuid = {1F6DA014-3865-447C-A0BC-03D1B09DC3DF}
	EndGlobalSection
EndGlobal
